
Microsoft Visual Studio Solution File, Format Version 12.00
# Visual Studio 2012
Project("{8BC9CEB8-8B4A-11D0-8D11-00A0C91BC942}") = "8hau", "8hau\8hau.vcxproj", "{5127662A-118C-4E7F-A7E6-2793B9DE8439}"
EndProject
Global
	GlobalSection(SolutionConfigurationPlatforms) = preSolution
		Debug|Win32 = Debug|Win32
		Release|Win32 = Release|Win32
	EndGlobalSection
	GlobalSection(ProjectConfigurationPlatforms) = postSolution
		{5127662A-118C-4E7F-A7E6-2793B9DE8439}.Debug|Win32.ActiveCfg = Debug|Win32
		{5127662A-118C-4E7F-A7E6-2793B9DE8439}.Debug|Win32.Build.0 = Debug|Win32
		{5127662A-118C-4E7F-A7E6-2793B9DE8439}.Release|Win32.ActiveCfg = Release|Win32
		{5127662A-118C-4E7F-A7E6-2793B9DE8439}.Release|Win32.Build.0 = Release|Win32
	EndGlobalSection
	GlobalSection(SolutionProperties) = preSolution
		HideSolutionNode = FALSE
	EndGlobalSection
EndGlobal
